// !$*UTF8*$!
{
	archiveVersion = 1;
	classes = {
	};
	objectVersion = 46;
	objects = {

/* Begin PBXBuildFile section */
		21269E131B8AC7E20044B7F6 /* TableViewController.m in Sources */ = {isa = PBXBuildFile; fileRef = 21269E121B8AC7E20044B7F6 /* TableViewController.m */; };
		21269E161B8B2EB70044B7F6 /* CalendarViewController.m in Sources */ = {isa = PBXBuildFile; fileRef = 21269E151B8B2EB70044B7F6 /* CalendarViewController.m */; };
		21883F2E1B905C7600A2EAA7 /* YQCalendarView.m in Sources */ = {isa = PBXBuildFile; fileRef = 21883F2D1B905C7600A2EAA7 /* YQCalendarView.m */; };
		21CF490A1B856BF00035CC44 /* YQCalendarCell.m in Sources */ = {isa = PBXBuildFile; fileRef = 21CF49081B856BF00035CC44 /* YQCalendarCell.m */; };
		21CF49111B85A7480035CC44 /* YQCellModel.m in Sources */ = {isa = PBXBuildFile; fileRef = 21CF49101B85A7480035CC44 /* YQCellModel.m */; };
		5563587B1B8769E500353BF3 /* YQCalendarHeader.m in Sources */ = {isa = PBXBuildFile; fileRef = 5563587A1B8769E500353BF3 /* YQCalendarHeader.m */; };
		55A95F0E1B84C3DE005DFD41 /* main.m in Sources */ = {isa = PBXBuildFile; fileRef = 55A95F0D1B84C3DE005DFD41 /* main.m */; };
		55A95F111B84C3DE005DFD41 /* AppDelegate.m in Sources */ = {isa = PBXBuildFile; fileRef = 55A95F101B84C3DE005DFD41 /* AppDelegate.m */; };
		55A95F141B84C3DE005DFD41 /* ViewController.m in Sources */ = {isa = PBXBuildFile; fileRef = 55A95F131B84C3DE005DFD41 /* ViewController.m */; };
		55A95F171B84C3DE005DFD41 /* Main.storyboard in Resources */ = {isa = PBXBuildFile; fileRef = 55A95F151B84C3DE005DFD41 /* Main.storyboard */; };
		55A95F191B84C3DE005DFD41 /* Images.xcassets in Resources */ = {isa = PBXBuildFile; fileRef = 55A95F181B84C3DE005DFD41 /* Images.xcassets */; };
		55A95F1C1B84C3DE005DFD41 /* LaunchScreen.xib in Resources */ = {isa = PBXBuildFile; fileRef = 55A95F1A1B84C3DE005DFD41 /* LaunchScreen.xib */; };
		55A95F281B84C3DE005DFD41 /* YQCalendarTests.m in Sources */ = {isa = PBXBuildFile; fileRef = 55A95F271B84C3DE005DFD41 /* YQCalendarTests.m */; };
		55A95F361B84C46F005DFD41 /* YQCalendar.m in Sources */ = {isa = PBXBuildFile; fileRef = 55A95F351B84C46F005DFD41 /* YQCalendar.m */; };
		55A95F391B84D1FF005DFD41 /* YQCalendarAppearence.m in Sources */ = {isa = PBXBuildFile; fileRef = 55A95F381B84D1FF005DFD41 /* YQCalendarAppearence.m */; };
		C74B3F6B34B31AE85504F222 /* libPods.a in Frameworks */ = {isa = PBXBuildFile; fileRef = AA49B1956EF763E026F838AD /* libPods.a */; };
		DACDEA1016120CDBA523A764 /* libPods-YQCalendarTests.a in Frameworks */ = {isa = PBXBuildFile; fileRef = 84052D7961F83C62B4D8A966 /* libPods-YQCalendarTests.a */; };
/* End PBXBuildFile section */

/* Begin PBXContainerItemProxy section */
		55A95F221B84C3DE005DFD41 /* PBXContainerItemProxy */ = {
			isa = PBXContainerItemProxy;
			containerPortal = 55A95F001B84C3DE005DFD41 /* Project object */;
			proxyType = 1;
			remoteGlobalIDString = 55A95F071B84C3DE005DFD41;
			remoteInfo = YQCalendar;
		};
/* End PBXContainerItemProxy section */

/* Begin PBXFileReference section */
		0BBA89EDD22D8817DA87D9B2 /* Pods-YQCalendarTests.debug.xcconfig */ = {isa = PBXFileReference; includeInIndex = 1; lastKnownFileType = text.xcconfig; name = "Pods-YQCalendarTests.debug.xcconfig"; path = "Pods/Target Support Files/Pods-YQCalendarTests/Pods-YQCalendarTests.debug.xcconfig"; sourceTree = "<group>"; };
		21269E111B8AC7E20044B7F6 /* TableViewController.h */ = {isa = PBXFileReference; fileEncoding = 4; lastKnownFileType = sourcecode.c.h; path = TableViewController.h; sourceTree = "<group>"; };
		21269E121B8AC7E20044B7F6 /* TableViewController.m */ = {isa = PBXFileReference; fileEncoding = 4; lastKnownFileType = sourcecode.c.objc; path = TableViewController.m; sourceTree = "<group>"; };
		21269E141B8B2EB70044B7F6 /* CalendarViewController.h */ = {isa = PBXFileReference; fileEncoding = 4; lastKnownFileType = sourcecode.c.h; path = CalendarViewController.h; sourceTree = "<group>"; };
		21269E151B8B2EB70044B7F6 /* CalendarViewController.m */ = {isa = PBXFileReference; fileEncoding = 4; lastKnownFileType = sourcecode.c.objc; path = CalendarViewController.m; sourceTree = "<group>"; };
		21883F2C1B905C7600A2EAA7 /* YQCalendarView.h */ = {isa = PBXFileReference; fileEncoding = 4; lastKnownFileType = sourcecode.c.h; path = YQCalendarView.h; sourceTree = "<group>"; };
		21883F2D1B905C7600A2EAA7 /* YQCalendarView.m */ = {isa = PBXFileReference; fileEncoding = 4; lastKnownFileType = sourcecode.c.objc; path = YQCalendarView.m; sourceTree = "<group>"; };
		21CF49071B856BF00035CC44 /* YQCalendarCell.h */ = {isa = PBXFileReference; fileEncoding = 4; lastKnownFileType = sourcecode.c.h; path = YQCalendarCell.h; sourceTree = "<group>"; };
		21CF49081B856BF00035CC44 /* YQCalendarCell.m */ = {isa = PBXFileReference; fileEncoding = 4; lastKnownFileType = sourcecode.c.objc; path = YQCalendarCell.m; sourceTree = "<group>"; };
		21CF490E1B856D490035CC44 /* YQCalendar.pch */ = {isa = PBXFileReference; fileEncoding = 4; lastKnownFileType = sourcecode.c.h; path = YQCalendar.pch; sourceTree = "<group>"; };
		21CF490F1B85A7480035CC44 /* YQCellModel.h */ = {isa = PBXFileReference; fileEncoding = 4; lastKnownFileType = sourcecode.c.h; path = YQCellModel.h; sourceTree = "<group>"; };
		21CF49101B85A7480035CC44 /* YQCellModel.m */ = {isa = PBXFileReference; fileEncoding = 4; lastKnownFileType = sourcecode.c.objc; path = YQCellModel.m; sourceTree = "<group>"; };
		2962D7C493F8B27457F5A992 /* Pods.release.xcconfig */ = {isa = PBXFileReference; includeInIndex = 1; lastKnownFileType = text.xcconfig; name = Pods.release.xcconfig; path = "Pods/Target Support Files/Pods/Pods.release.xcconfig"; sourceTree = "<group>"; };
		556358791B8769E500353BF3 /* YQCalendarHeader.h */ = {isa = PBXFileReference; fileEncoding = 4; lastKnownFileType = sourcecode.c.h; path = YQCalendarHeader.h; sourceTree = "<group>"; };
		5563587A1B8769E500353BF3 /* YQCalendarHeader.m */ = {isa = PBXFileReference; fileEncoding = 4; lastKnownFileType = sourcecode.c.objc; path = YQCalendarHeader.m; sourceTree = "<group>"; };
		55A95F081B84C3DE005DFD41 /* YQCalendar.app */ = {isa = PBXFileReference; explicitFileType = wrapper.application; includeInIndex = 0; path = YQCalendar.app; sourceTree = BUILT_PRODUCTS_DIR; };
		55A95F0C1B84C3DE005DFD41 /* Info.plist */ = {isa = PBXFileReference; lastKnownFileType = text.plist.xml; path = Info.plist; sourceTree = "<group>"; };
		55A95F0D1B84C3DE005DFD41 /* main.m */ = {isa = PBXFileReference; lastKnownFileType = sourcecode.c.objc; path = main.m; sourceTree = "<group>"; };
		55A95F0F1B84C3DE005DFD41 /* AppDelegate.h */ = {isa = PBXFileReference; lastKnownFileType = sourcecode.c.h; path = AppDelegate.h; sourceTree = "<group>"; };
		55A95F101B84C3DE005DFD41 /* AppDelegate.m */ = {isa = PBXFileReference; lastKnownFileType = sourcecode.c.objc; path = AppDelegate.m; sourceTree = "<group>"; };
		55A95F121B84C3DE005DFD41 /* ViewController.h */ = {isa = PBXFileReference; lastKnownFileType = sourcecode.c.h; path = ViewController.h; sourceTree = "<group>"; };
		55A95F131B84C3DE005DFD41 /* ViewController.m */ = {isa = PBXFileReference; lastKnownFileType = sourcecode.c.objc; path = ViewController.m; sourceTree = "<group>"; };
		55A95F161B84C3DE005DFD41 /* Base */ = {isa = PBXFileReference; lastKnownFileType = file.storyboard; name = Base; path = Base.lproj/Main.storyboard; sourceTree = "<group>"; };
		55A95F181B84C3DE005DFD41 /* Images.xcassets */ = {isa = PBXFileReference; lastKnownFileType = folder.assetcatalog; path = Images.xcassets; sourceTree = "<group>"; };
		55A95F1B1B84C3DE005DFD41 /* Base */ = {isa = PBXFileReference; lastKnownFileType = file.xib; name = Base; path = Base.lproj/LaunchScreen.xib; sourceTree = "<group>"; };
		55A95F211B84C3DE005DFD41 /* YQCalendarTests.xctest */ = {isa = PBXFileReference; explicitFileType = wrapper.cfbundle; includeInIndex = 0; path = YQCalendarTests.xctest; sourceTree = BUILT_PRODUCTS_DIR; };
		55A95F261B84C3DE005DFD41 /* Info.plist */ = {isa = PBXFileReference; lastKnownFileType = text.plist.xml; path = Info.plist; sourceTree = "<group>"; };
		55A95F271B84C3DE005DFD41 /* YQCalendarTests.m */ = {isa = PBXFileReference; lastKnownFileType = sourcecode.c.objc; path = YQCalendarTests.m; sourceTree = "<group>"; };
		55A95F341B84C46F005DFD41 /* YQCalendar.h */ = {isa = PBXFileReference; fileEncoding = 4; lastKnownFileType = sourcecode.c.h; path = YQCalendar.h; sourceTree = "<group>"; };
		55A95F351B84C46F005DFD41 /* YQCalendar.m */ = {isa = PBXFileReference; fileEncoding = 4; lastKnownFileType = sourcecode.c.objc; path = YQCalendar.m; sourceTree = "<group>"; };
		55A95F371B84D1FF005DFD41 /* YQCalendarAppearence.h */ = {isa = PBXFileReference; fileEncoding = 4; lastKnownFileType = sourcecode.c.h; path = YQCalendarAppearence.h; sourceTree = "<group>"; };
		55A95F381B84D1FF005DFD41 /* YQCalendarAppearence.m */ = {isa = PBXFileReference; fileEncoding = 4; lastKnownFileType = sourcecode.c.objc; path = YQCalendarAppearence.m; sourceTree = "<group>"; };
		84052D7961F83C62B4D8A966 /* libPods-YQCalendarTests.a */ = {isa = PBXFileReference; explicitFileType = archive.ar; includeInIndex = 0; path = "libPods-YQCalendarTests.a"; sourceTree = BUILT_PRODUCTS_DIR; };
		AA49B1956EF763E026F838AD /* libPods.a */ = {isa = PBXFileReference; explicitFileType = archive.ar; includeInIndex = 0; path = libPods.a; sourceTree = BUILT_PRODUCTS_DIR; };
		B8E4C74E9AE8D3AF9D3AE577 /* Pods.debug.xcconfig */ = {isa = PBXFileReference; includeInIndex = 1; lastKnownFileType = text.xcconfig; name = Pods.debug.xcconfig; path = "Pods/Target Support Files/Pods/Pods.debug.xcconfig"; sourceTree = "<group>"; };
		FF5C974FD91B7D4BD0E501DB /* Pods-YQCalendarTests.release.xcconfig */ = {isa = PBXFileReference; includeInIndex = 1; lastKnownFileType = text.xcconfig; name = "Pods-YQCalendarTests.release.xcconfig"; path = "Pods/Target Support Files/Pods-YQCalendarTests/Pods-YQCalendarTests.release.xcconfig"; sourceTree = "<group>"; };
/* End PBXFileReference section */

/* Begin PBXFrameworksBuildPhase section */
		55A95F051B84C3DE005DFD41 /* Frameworks */ = {
			isa = PBXFrameworksBuildPhase;
			buildActionMask = 2147483647;
			files = (
				C74B3F6B34B31AE85504F222 /* libPods.a in Frameworks */,
			);
			runOnlyForDeploymentPostprocessing = 0;
		};
		55A95F1E1B84C3DE005DFD41 /* Frameworks */ = {
			isa = PBXFrameworksBuildPhase;
			buildActionMask = 2147483647;
			files = (
				DACDEA1016120CDBA523A764 /* libPods-YQCalendarTests.a in Frameworks */,
			);
			runOnlyForDeploymentPostprocessing = 0;
		};
/* End PBXFrameworksBuildPhase section */

/* Begin PBXGroup section */
		47923CE94CCE733C87C0974A /* Pods */ = {
			isa = PBXGroup;
			children = (
				B8E4C74E9AE8D3AF9D3AE577 /* Pods.debug.xcconfig */,
				2962D7C493F8B27457F5A992 /* Pods.release.xcconfig */,
				0BBA89EDD22D8817DA87D9B2 /* Pods-YQCalendarTests.debug.xcconfig */,
				FF5C974FD91B7D4BD0E501DB /* Pods-YQCalendarTests.release.xcconfig */,
			);
			name = Pods;
			sourceTree = "<group>";
		};
		55A95EFF1B84C3DE005DFD41 = {
			isa = PBXGroup;
			children = (
				55A95F331B84C44E005DFD41 /* Classes */,
				55A95F0A1B84C3DE005DFD41 /* YQCalendar */,
				55A95F241B84C3DE005DFD41 /* YQCalendarTests */,
				55A95F091B84C3DE005DFD41 /* Products */,
				47923CE94CCE733C87C0974A /* Pods */,
				9197BE91A4435C2A112594EA /* Frameworks */,
			);
			sourceTree = "<group>";
		};
		55A95F091B84C3DE005DFD41 /* Products */ = {
			isa = PBXGroup;
			children = (
				55A95F081B84C3DE005DFD41 /* YQCalendar.app */,
				55A95F211B84C3DE005DFD41 /* YQCalendarTests.xctest */,
			);
			name = Products;
			sourceTree = "<group>";
		};
		55A95F0A1B84C3DE005DFD41 /* YQCalendar */ = {
			isa = PBXGroup;
			children = (
				55A95F0F1B84C3DE005DFD41 /* AppDelegate.h */,
				55A95F101B84C3DE005DFD41 /* AppDelegate.m */,
				55A95F121B84C3DE005DFD41 /* ViewController.h */,
				55A95F131B84C3DE005DFD41 /* ViewController.m */,
				55A95F151B84C3DE005DFD41 /* Main.storyboard */,
				55A95F181B84C3DE005DFD41 /* Images.xcassets */,
				55A95F1A1B84C3DE005DFD41 /* LaunchScreen.xib */,
				55A95F0B1B84C3DE005DFD41 /* Supporting Files */,
				21269E111B8AC7E20044B7F6 /* TableViewController.h */,
				21269E121B8AC7E20044B7F6 /* TableViewController.m */,
				21269E141B8B2EB70044B7F6 /* CalendarViewController.h */,
				21269E151B8B2EB70044B7F6 /* CalendarViewController.m */,
			);
			path = YQCalendar;
			sourceTree = "<group>";
		};
		55A95F0B1B84C3DE005DFD41 /* Supporting Files */ = {
			isa = PBXGroup;
			children = (
				55A95F0C1B84C3DE005DFD41 /* Info.plist */,
				55A95F0D1B84C3DE005DFD41 /* main.m */,
				21CF490E1B856D490035CC44 /* YQCalendar.pch */,
			);
			name = "Supporting Files";
			sourceTree = "<group>";
		};
		55A95F241B84C3DE005DFD41 /* YQCalendarTests */ = {
			isa = PBXGroup;
			children = (
				55A95F271B84C3DE005DFD41 /* YQCalendarTests.m */,
				55A95F251B84C3DE005DFD41 /* Supporting Files */,
			);
			path = YQCalendarTests;
			sourceTree = "<group>";
		};
		55A95F251B84C3DE005DFD41 /* Supporting Files */ = {
			isa = PBXGroup;
			children = (
				55A95F261B84C3DE005DFD41 /* Info.plist */,
			);
			name = "Supporting Files";
			sourceTree = "<group>";
		};
		55A95F331B84C44E005DFD41 /* Classes */ = {
			isa = PBXGroup;
			children = (
				55A95F341B84C46F005DFD41 /* YQCalendar.h */,
				55A95F351B84C46F005DFD41 /* YQCalendar.m */,
				55A95F371B84D1FF005DFD41 /* YQCalendarAppearence.h */,
				55A95F381B84D1FF005DFD41 /* YQCalendarAppearence.m */,
				21CF49071B856BF00035CC44 /* YQCalendarCell.h */,
				21CF49081B856BF00035CC44 /* YQCalendarCell.m */,
				21CF490F1B85A7480035CC44 /* YQCellModel.h */,
				21CF49101B85A7480035CC44 /* YQCellModel.m */,
				556358791B8769E500353BF3 /* YQCalendarHeader.h */,
				5563587A1B8769E500353BF3 /* YQCalendarHeader.m */,
				21883F2C1B905C7600A2EAA7 /* YQCalendarView.h */,
				21883F2D1B905C7600A2EAA7 /* YQCalendarView.m */,
			);
			path = Classes;
			sourceTree = "<group>";
		};
		9197BE91A4435C2A112594EA /* Frameworks */ = {
			isa = PBXGroup;
			children = (
				AA49B1956EF763E026F838AD /* libPods.a */,
				84052D7961F83C62B4D8A966 /* libPods-YQCalendarTests.a */,
			);
			name = Frameworks;
			sourceTree = "<group>";
		};
/* End PBXGroup section */

/* Begin PBXNativeTarget section */
		55A95F071B84C3DE005DFD41 /* YQCalendar */ = {
			isa = PBXNativeTarget;
			buildConfigurationList = 55A95F2B1B84C3DE005DFD41 /* Build configuration list for PBXNativeTarget "YQCalendar" */;
			buildPhases = (
				2856F9647E98CB7462C6D517 /* Check Pods Manifest.lock */,
				55A95F041B84C3DE005DFD41 /* Sources */,
				55A95F051B84C3DE005DFD41 /* Frameworks */,
				55A95F061B84C3DE005DFD41 /* Resources */,
				14A420E1A516E05A77D97BC2 /* Copy Pods Resources */,
			);
			buildRules = (
			);
			dependencies = (
			);
			name = YQCalendar;
			productName = YQCalendar;
			productReference = 55A95F081B84C3DE005DFD41 /* YQCalendar.app */;
			productType = "com.apple.product-type.application";
		};
		55A95F201B84C3DE005DFD41 /* YQCalendarTests */ = {
			isa = PBXNativeTarget;
			buildConfigurationList = 55A95F2E1B84C3DE005DFD41 /* Build configuration list for PBXNativeTarget "YQCalendarTests" */;
			buildPhases = (
				479DAF647E2F8D78F92BEF02 /* Check Pods Manifest.lock */,
				55A95F1D1B84C3DE005DFD41 /* Sources */,
				55A95F1E1B84C3DE005DFD41 /* Frameworks */,
				55A95F1F1B84C3DE005DFD41 /* Resources */,
				55BE4858441831D152D5DCF2 /* Copy Pods Resources */,
			);
			buildRules = (
			);
			dependencies = (
				55A95F231B84C3DE005DFD41 /* PBXTargetDependency */,
			);
			name = YQCalendarTests;
			productName = YQCalendarTests;
			productReference = 55A95F211B84C3DE005DFD41 /* YQCalendarTests.xctest */;
			productType = "com.apple.product-type.bundle.unit-test";
		};
/* End PBXNativeTarget section */

/* Begin PBXProject section */
		55A95F001B84C3DE005DFD41 /* Project object */ = {
			isa = PBXProject;
			attributes = {
				LastUpgradeCheck = 0640;
				ORGANIZATIONNAME = "王叶庆";
				TargetAttributes = {
					55A95F071B84C3DE005DFD41 = {
						CreatedOnToolsVersion = 6.4;
					};
					55A95F201B84C3DE005DFD41 = {
						CreatedOnToolsVersion = 6.4;
						TestTargetID = 55A95F071B84C3DE005DFD41;
					};
				};
			};
			buildConfigurationList = 55A95F031B84C3DE005DFD41 /* Build configuration list for PBXProject "YQCalendar" */;
			compatibilityVersion = "Xcode 3.2";
			developmentRegion = English;
			hasScannedForEncodings = 0;
			knownRegions = (
				en,
				Base,
			);
			mainGroup = 55A95EFF1B84C3DE005DFD41;
			productRefGroup = 55A95F091B84C3DE005DFD41 /* Products */;
			projectDirPath = "";
			projectRoot = "";
			targets = (
				55A95F071B84C3DE005DFD41 /* YQCalendar */,
				55A95F201B84C3DE005DFD41 /* YQCalendarTests */,
			);
		};
/* End PBXProject section */

/* Begin PBXResourcesBuildPhase section */
		55A95F061B84C3DE005DFD41 /* Resources */ = {
			isa = PBXResourcesBuildPhase;
			buildActionMask = 2147483647;
			files = (
				55A95F171B84C3DE005DFD41 /* Main.storyboard in Resources */,
				55A95F1C1B84C3DE005DFD41 /* LaunchScreen.xib in Resources */,
				55A95F191B84C3DE005DFD41 /* Images.xcassets in Resources */,
			);
			runOnlyForDeploymentPostprocessing = 0;
		};
		55A95F1F1B84C3DE005DFD41 /* Resources */ = {
			isa = PBXResourcesBuildPhase;
			buildActionMask = 2147483647;
			files = (
			);
			runOnlyForDeploymentPostprocessing = 0;
		};
/* End PBXResourcesBuildPhase section */

/* Begin PBXShellScriptBuildPhase section */
		14A420E1A516E05A77D97BC2 /* Copy Pods Resources */ = {
			isa = PBXShellScriptBuildPhase;
			buildActionMask = 2147483647;
			files = (
			);
			inputPaths = (
			);
			name = "Copy Pods Resources";
			outputPaths = (
			);
			runOnlyForDeploymentPostprocessing = 0;
			shellPath = /bin/sh;
			shellScript = "\"${SRCROOT}/Pods/Target Support Files/Pods/Pods-resources.sh\"\n";
			showEnvVarsInLog = 0;
		};
		2856F9647E98CB7462C6D517 /* Check Pods Manifest.lock */ = {
			isa = PBXShellScriptBuildPhase;
			buildActionMask = 2147483647;
			files = (
			);
			inputPaths = (
			);
			name = "Check Pods Manifest.lock";
			outputPaths = (
			);
			runOnlyForDeploymentPostprocessing = 0;
			shellPath = /bin/sh;
			shellScript = "diff \"${PODS_ROOT}/../Podfile.lock\" \"${PODS_ROOT}/Manifest.lock\" > /dev/null\nif [[ $? != 0 ]] ; then\n    cat << EOM\nerror: The sandbox is not in sync with the Podfile.lock. Run 'pod install' or update your CocoaPods installation.\nEOM\n    exit 1\nfi\n";
			showEnvVarsInLog = 0;
		};
		479DAF647E2F8D78F92BEF02 /* Check Pods Manifest.lock */ = {
			isa = PBXShellScriptBuildPhase;
			buildActionMask = 2147483647;
			files = (
			);
			inputPaths = (
			);
			name = "Check Pods Manifest.lock";
			outputPaths = (
			);
			runOnlyForDeploymentPostprocessing = 0;
			shellPath = /bin/sh;
			shellScript = "diff \"${PODS_ROOT}/../Podfile.lock\" \"${PODS_ROOT}/Manifest.lock\" > /dev/null\nif [[ $? != 0 ]] ; then\n    cat << EOM\nerror: The sandbox is not in sync with the Podfile.lock. Run 'pod install' or update your CocoaPods installation.\nEOM\n    exit 1\nfi\n";
			showEnvVarsInLog = 0;
		};
		55BE4858441831D152D5DCF2 /* Copy Pods Resources */ = {
			isa = PBXShellScriptBuildPhase;
			buildActionMask = 2147483647;
			files = (
			);
			inputPaths = (
			);
			name = "Copy Pods Resources";
			outputPaths = (
			);
			runOnlyForDeploymentPostprocessing = 0;
			shellPath = /bin/sh;
			shellScript = "\"${SRCROOT}/Pods/Target Support Files/Pods-YQCalendarTests/Pods-YQCalendarTests-resources.sh\"\n";
			showEnvVarsInLog = 0;
		};
/* End PBXShellScriptBuildPhase section */

/* Begin PBXSourcesBuildPhase section */
		55A95F041B84C3DE005DFD41 /* Sources */ = {
			isa = PBXSourcesBuildPhase;
			buildActionMask = 2147483647;
			files = (
				55A95F141B84C3DE005DFD41 /* ViewController.m in Sources */,
				55A95F111B84C3DE005DFD41 /* AppDelegate.m in Sources */,
				5563587B1B8769E500353BF3 /* YQCalendarHeader.m in Sources */,
				21CF49111B85A7480035CC44 /* YQCellModel.m in Sources */,
				21883F2E1B905C7600A2EAA7 /* YQCalendarView.m in Sources */,
				21269E131B8AC7E20044B7F6 /* TableViewController.m in Sources */,
				55A95F391B84D1FF005DFD41 /* YQCalendarAppearence.m in Sources */,
				55A95F0E1B84C3DE005DFD41 /* main.m in Sources */,
				55A95F361B84C46F005DFD41 /* YQCalendar.m in Sources */,
				21269E161B8B2EB70044B7F6 /* CalendarViewController.m in Sources */,
				21CF490A1B856BF00035CC44 /* YQCalendarCell.m in Sources */,
			);
			runOnlyForDeploymentPostprocessing = 0;
		};
		55A95F1D1B84C3DE005DFD41 /* Sources */ = {
			isa = PBXSourcesBuildPhase;
			buildActionMask = 2147483647;
			files = (
				55A95F281B84C3DE005DFD41 /* YQCalendarTests.m in Sources */,
			);
			runOnlyForDeploymentPostprocessing = 0;
		};
/* End PBXSourcesBuildPhase section */

/* Begin PBXTargetDependency section */
		55A95F231B84C3DE005DFD41 /* PBXTargetDependency */ = {
			isa = PBXTargetDependency;
			target = 55A95F071B84C3DE005DFD41 /* YQCalendar */;
			targetProxy = 55A95F221B84C3DE005DFD41 /* PBXContainerItemProxy */;
		};
/* End PBXTargetDependency section */

/* Begin PBXVariantGroup section */
		55A95F151B84C3DE005DFD41 /* Main.storyboard */ = {
			isa = PBXVariantGroup;
			children = (
				55A95F161B84C3DE005DFD41 /* Base */,
			);
			name = Main.storyboard;
			sourceTree = "<group>";
		};
		55A95F1A1B84C3DE005DFD41 /* LaunchScreen.xib */ = {
			isa = PBXVariantGroup;
			children = (
				55A95F1B1B84C3DE005DFD41 /* Base */,
			);
			name = LaunchScreen.xib;
			sourceTree = "<group>";
		};
/* End PBXVariantGroup section */

/* Begin XCBuildConfiguration section */
		55A95F291B84C3DE005DFD41 /* Debug */ = {
			isa = XCBuildConfiguration;
			buildSettings = {
				ALWAYS_SEARCH_USER_PATHS = NO;
				CLANG_CXX_LANGUAGE_STANDARD = "gnu++0x";
				CLANG_CXX_LIBRARY = "libc++";
				CLANG_ENABLE_MODULES = YES;
				CLANG_ENABLE_OBJC_ARC = YES;
				CLANG_WARN_BOOL_CONVERSION = YES;
				CLANG_WARN_CONSTANT_CONVERSION = YES;
				CLANG_WARN_DIRECT_OBJC_ISA_USAGE = YES_ERROR;
				CLANG_WARN_EMPTY_BODY = YES;
				CLANG_WARN_ENUM_CONVERSION = YES;
				CLANG_WARN_INT_CONVERSION = YES;
				CLANG_WARN_OBJC_ROOT_CLASS = YES_ERROR;
				CLANG_WARN_UNREACHABLE_CODE = YES;
				CLANG_WARN__DUPLICATE_METHOD_MATCH = YES;
				"CODE_SIGN_IDENTITY[sdk=iphoneos*]" = "iPhone Developer";
				COPY_PHASE_STRIP = NO;
				DEBUG_INFORMATION_FORMAT = "dwarf-with-dsym";
				ENABLE_STRICT_OBJC_MSGSEND = YES;
				GCC_C_LANGUAGE_STANDARD = gnu99;
				GCC_DYNAMIC_NO_PIC = NO;
				GCC_NO_COMMON_BLOCKS = YES;
				GCC_OPTIMIZATION_LEVEL = 0;
				GCC_PREPROCESSOR_DEFINITIONS = (
					"DEBUG=1",
					"$(inherited)",
				);
				GCC_SYMBOLS_PRIVATE_EXTERN = NO;
				GCC_WARN_64_TO_32_BIT_CONVERSION = YES;
				GCC_WARN_ABOUT_RETURN_TYPE = YES_ERROR;
				GCC_WARN_UNDECLARED_SELECTOR = YES;
				GCC_WARN_UNINITIALIZED_AUTOS = YES_AGGRESSIVE;
				GCC_WARN_UNUSED_FUNCTION = YES;
				GCC_WARN_UNUSED_VARIABLE = YES;
				IPHONEOS_DEPLOYMENT_TARGET = 8.4;
				MTL_ENABLE_DEBUG_INFO = YES;
				ONLY_ACTIVE_ARCH = YES;
				SDKROOT = iphoneos;
			};
			name = Debug;
		};
		55A95F2A1B84C3DE005DFD41 /* Release */ = {
			isa = XCBuildConfiguration;
			buildSettings = {
				ALWAYS_SEARCH_USER_PATHS = NO;
				CLANG_CXX_LANGUAGE_STANDARD = "gnu++0x";
				CLANG_CXX_LIBRARY = "libc++";
				CLANG_ENABLE_MODULES = YES;
				CLANG_ENABLE_OBJC_ARC = YES;
				CLANG_WARN_BOOL_CONVERSION = YES;
				CLANG_WARN_CONSTANT_CONVERSION = YES;
				CLANG_WARN_DIRECT_OBJC_ISA_USAGE = YES_ERROR;
				CLANG_WARN_EMPTY_BODY = YES;
				CLANG_WARN_ENUM_CONVERSION = YES;
				CLANG_WARN_INT_CONVERSION = YES;
				CLANG_WARN_OBJC_ROOT_CLASS = YES_ERROR;
				CLANG_WARN_UNREACHABLE_CODE = YES;
				CLANG_WARN__DUPLICATE_METHOD_MATCH = YES;
				"CODE_SIGN_IDENTITY[sdk=iphoneos*]" = "iPhone Developer";
				COPY_PHASE_STRIP = NO;
				DEBUG_INFORMATION_FORMAT = "dwarf-with-dsym";
				ENABLE_NS_ASSERTIONS = NO;
				ENABLE_STRICT_OBJC_MSGSEND = YES;
				GCC_C_LANGUAGE_STANDARD = gnu99;
				GCC_NO_COMMON_BLOCKS = YES;
				GCC_WARN_64_TO_32_BIT_CONVERSION = YES;
				GCC_WARN_ABOUT_RETURN_TYPE = YES_ERROR;
				GCC_WARN_UNDECLARED_SELECTOR = YES;
				GCC_WARN_UNINITIALIZED_AUTOS = YES_AGGRESSIVE;
				GCC_WARN_UNUSED_FUNCTION = YES;
				GCC_WARN_UNUSED_VARIABLE = YES;
				IPHONEOS_DEPLOYMENT_TARGET = 8.4;
				MTL_ENABLE_DEBUG_INFO = NO;
				SDKROOT = iphoneos;
				VALIDATE_PRODUCT = YES;
			};
			name = Release;
		};
		55A95F2C1B84C3DE005DFD41 /* Debug */ = {
			isa = XCBuildConfiguration;
			baseConfigurationReference = B8E4C74E9AE8D3AF9D3AE577 /* Pods.debug.xcconfig */;
			buildSettings = {
				ASSETCATALOG_COMPILER_APPICON_NAME = AppIcon;
				GCC_PREFIX_HEADER = ../YQCalendar/YQCalendar/YQCalendar.pch;
				INFOPLIST_FILE = YQCalendar/Info.plist;
				LD_RUNPATH_SEARCH_PATHS = "$(inherited) @executable_path/Frameworks";
				PRODUCT_NAME = "$(TARGET_NAME)";
			};
			name = Debug;
		};
		55A95F2D1B84C3DE005DFD41 /* Release */ = {
			isa = XCBuildConfiguration;
			baseConfigurationReference = 2962D7C493F8B27457F5A992 /* Pods.release.xcconfig */;
			buildSettings = {
				ASSETCATALOG_COMPILER_APPICON_NAME = AppIcon;
				GCC_PREFIX_HEADER = ../YQCalendar/YQCalendar/YQCalendar.pch;
				INFOPLIST_FILE = YQCalendar/Info.plist;
				LD_RUNPATH_SEARCH_PATHS = "$(inherited) @executable_path/Frameworks";
				PRODUCT_NAME = "$(TARGET_NAME)";
			};
			name = Release;
		};
		55A95F2F1B84C3DE005DFD41 /* Debug */ = {
			isa = XCBuildConfiguration;
			baseConfigurationReference = 0BBA89EDD22D8817DA87D9B2 /* Pods-YQCalendarTests.debug.xcconfig */;
			buildSettings = {
				BUNDLE_LOADER = "$(TEST_HOST)";
				FRAMEWORK_SEARCH_PATHS = (
					"$(SDKROOT)/Developer/Library/Frameworks",
					"$(inherited)",
				);
				GCC_PREPROCESSOR_DEFINITIONS = (
					"DEBUG=1",
					"$(inherited)",
				);
				INFOPLIST_FILE = YQCalendarTests/Info.plist;
				LD_RUNPATH_SEARCH_PATHS = "$(inherited) @executable_path/Frameworks @loader_path/Frameworks";
				PRODUCT_NAME = "$(TARGET_NAME)";
				TEST_HOST = "$(BUILT_PRODUCTS_DIR)/YQCalendar.app/YQCalendar";
			};
			name = Debug;
		};
		55A95F301B84C3DE005DFD41 /* Release */ = {
			isa = XCBuildConfiguration;
			baseConfigurationReference = FF5C974FD91B7D4BD0E501DB /* Pods-YQCalendarTests.release.xcconfig */;
			buildSettings = {
				BUNDLE_LOADER = "$(TEST_HOST)";
				FRAMEWORK_SEARCH_PATHS = (
					"$(SDKROOT)/Developer/Library/Frameworks",
					"$(inherited)",
				);
				INFOPLIST_FILE = YQCalendarTests/Info.plist;
				LD_RUNPATH_SEARCH_PATHS = "$(inherited) @executable_path/Frameworks @loader_path/Frameworks";
				PRODUCT_NAME = "$(TARGET_NAME)";
				TEST_HOST = "$(BUILT_PRODUCTS_DIR)/YQCalendar.app/YQCalendar";
			};
			name = Release;
		};
/* End XCBuildConfiguration section */

/* Begin XCConfigurationList section */
		55A95F031B84C3DE005DFD41 /* Build configuration list for PBXProject "YQCalendar" */ = {
			isa = XCConfigurationList;
			buildConfigurations = (
				55A95F291B84C3DE005DFD41 /* Debug */,
				55A95F2A1B84C3DE005DFD41 /* Release */,
			);
			defaultConfigurationIsVisible = 0;
			defaultConfigurationName = Release;
		};
		55A95F2B1B84C3DE005DFD41 /* Build configuration list for PBXNativeTarget "YQCalendar" */ = {
			isa = XCConfigurationList;
			buildConfigurations = (
				55A95F2C1B84C3DE005DFD41 /* Debug */,
				55A95F2D1B84C3DE005DFD41 /* Release */,
			);
			defaultConfigurationIsVisible = 0;
			defaultConfigurationName = Release;
		};
		55A95F2E1B84C3DE005DFD41 /* Build configuration list for PBXNativeTarget "YQCalendarTests" */ = {
			isa = XCConfigurationList;
			buildConfigurations = (
				55A95F2F1B84C3DE005DFD41 /* Debug */,
				55A95F301B84C3DE005DFD41 /* Release */,
			);
			defaultConfigurationIsVisible = 0;
			defaultConfigurationName = Release;
		};
/* End XCConfigurationList section */
	};
	rootObject = 55A95F001B84C3DE005DFD41 /* Project object */;
}
